# This file is automatically @generated by Cargo.
# It is not intended for manual editing.
[[package]]
name = "anyhow"
version = "1.0.25"
source = "registry+https://github.com/rust-lang/crates.io-index"

[[package]]
name = "day16"
version = "0.1.0"
dependencies = [
 "anyhow 1.0.25 (registry+https://github.com/rust-lang/crates.io-index)",
 "getopts 0.2.21 (registry+https://github.com/rust-lang/crates.io-index)",
 "itertools 0.8.2 (registry+https://github.com/rust-lang/crates.io-index)",
]

[[package]]
name = "either"
version = "1.5.3"
source = "registry+https://github.com/rust-lang/crates.io-index"

[[package]]
name = "getopts"
version = "0.2.21"
source = "registry+https://github.com/rust-lang/crates.io-index"
dependencies = [
 "unicode-width 0.1.7 (registry+https://github.com/rust-lang/crates.io-index)",
]

[[package]]
name = "itertools"
version = "0.8.2"
source = "registry+https://github.com/rust-lang/crates.io-index"
dependencies = [
 "either 1.5.3 (registry+https://github.com/rust-lang/crates.io-index)",
]

[[package]]
name = "unicode-width"
version = "0.1.7"
source = "registry+https://github.com/rust-lang/crates.io-index"

[metadata]
"checksum anyhow 1.0.25 (registry+https://github.com/rust-lang/crates.io-index)" = "9267dff192e68f3399525901e709a48c1d3982c9c072fa32f2127a0cb0babf14"
"checksum either 1.5.3 (registry+https://github.com/rust-lang/crates.io-index)" = "bb1f6b1ce1c140482ea30ddd3335fc0024ac7ee112895426e0a629a6c20adfe3"
"checksum getopts 0.2.21 (registry+https://github.com/rust-lang/crates.io-index)" = "14dbbfd5c71d70241ecf9e6f13737f7b5ce823821063188d7e46c41d371eebd5"
"checksum itertools 0.8.2 (registry+https://github.com/rust-lang/crates.io-index)" = "f56a2d0bc861f9165be4eb3442afd3c236d8a98afd426f65d92324ae1091a484"
"checksum unicode-width 0.1.7 (registry+https://github.com/rust-lang/crates.io-index)" = "caaa9d531767d1ff2150b9332433f32a24622147e5ebb1f26409d5da67afd479"
